
Microsoft Visual Studio Solution File, Format Version 12.00
# Visual Studio 15
VisualStudioVersion = 15.0.28307.1500
MinimumVisualStudioVersion = 10.0.40219.1
Project("{FAE04EC0-301F-11D3-BF4B-00C04F79EFBC}") = "NExperience", "NExperience.csproj", "{DD12DF70-6231-46FE-AB20-CDE2A52DE1B5}"
EndProject
Project("{FAE04EC0-301F-11D3-BF4B-00C04F79EFBC}") = "FormulaChecker", "..\FormulaChecker\FormulaChecker.csproj", "{6B51B63B-10F3-4B02-8626-4B8B36A1B629}"
EndProject
Global
	GlobalSection(SolutionConfigurationPlatforms) = preSolution
		Debug|Any CPU = Debug|Any CPU
		Release|Any CPU = Release|Any CPU
	EndGlobalSection
	GlobalSection(ProjectConfigurationPlatforms) = postSolution
		{DD12DF70-6231-46FE-AB20-CDE2A52DE1B5}.Debug|Any CPU.ActiveCfg = Debug|Any CPU
		{DD12DF70-6231-46FE-AB20-CDE2A52DE1B5}.Debug|Any CPU.Build.0 = Debug|Any CPU
		{DD12DF70-6231-46FE-AB20-CDE2A52DE1B5}.Release|Any CPU.ActiveCfg = Release|Any CPU
		{DD12DF70-6231-46FE-AB20-CDE2A52DE1B5}.Release|Any CPU.Build.0 = Release|Any CPU
		{6B51B63B-10F3-4B02-8626-4B8B36A1B629}.Debug|Any CPU.ActiveCfg = Debug|Any CPU
		{6B51B63B-10F3-4B02-8626-4B8B36A1B629}.Debug|Any CPU.Build.0 = Debug|Any CPU
		{6B51B63B-10F3-4B02-8626-4B8B36A1B629}.Release|Any CPU.ActiveCfg = Release|Any CPU
		{6B51B63B-10F3-4B02-8626-4B8B36A1B629}.Release|Any CPU.Build.0 = Release|Any CPU
	EndGlobalSection
	GlobalSection(SolutionProperties) = preSolution
		HideSolutionNode = FALSE
	EndGlobalSection
	GlobalSection(ExtensibilityGlobals) = postSolution
		SolutionGuid = {345A4EDC-7BA8-4915-A5C8-18C1E1734184}
	EndGlobalSection
EndGlobal
